
Microsoft Visual Studio Solution File, Format Version 12.00
# Visual Studio 15
VisualStudioVersion = 15.0.28010.2046
MinimumVisualStudioVersion = 10.0.40219.1
Project("{FAE04EC0-301F-11D3-BF4B-00C04F79EFBC}") = "Ordering", "Ordering\Ordering.csproj", "{C65B4489-D5FB-4625-8894-FB2C20DD13D4}"
EndProject
Global
	GlobalSection(SolutionConfigurationPlatforms) = preSolution
		Debug|Any CPU = Debug|Any CPU
		Release|Any CPU = Release|Any CPU
	EndGlobalSection
	GlobalSection(ProjectConfigurationPlatforms) = postSolution
		{C65B4489-D5FB-4625-8894-FB2C20DD13D4}.Debug|Any CPU.ActiveCfg = Debug|Any CPU
		{C65B4489-D5FB-4625-8894-FB2C20DD13D4}.Debug|Any CPU.Build.0 = Debug|Any CPU
		{C65B4489-D5FB-4625-8894-FB2C20DD13D4}.Release|Any CPU.ActiveCfg = Release|Any CPU
		{C65B4489-D5FB-4625-8894-FB2C20DD13D4}.Release|Any CPU.Build.0 = Release|Any CPU
	EndGlobalSection
	GlobalSection(SolutionProperties) = preSolution
		HideSolutionNode = FALSE
	EndGlobalSection
	GlobalSection(ExtensibilityGlobals) = postSolution
		SolutionGuid = {D6400F83-A9AF-4A11-8AF6-CB9F9A2C8A54}
	EndGlobalSection
EndGlobal
